
Microsoft Visual Studio Solution File, Format Version 12.00
# Visual Studio Version 16
VisualStudioVersion = 16.0.29306.81
MinimumVisualStudioVersion = 10.0.40219.1
Project("{FAE04EC0-301F-11D3-BF4B-00C04F79EFBC}") = "AlergiApp.Android", "AlergiApp.Android\AlergiApp.Android.csproj", "{A7EDCCC6-6DE0-4735-A286-88BFBD57B395}"
EndProject
Project("{FAE04EC0-301F-11D3-BF4B-00C04F79EFBC}") = "AlergiApp", "AlergiApp\AlergiApp.csproj", "{45A0CD23-31D3-4438-BCBA-58D3F252FB4E}"
EndProject
Global
	GlobalSection(SolutionConfigurationPlatforms) = preSolution
		Debug|Any CPU = Debug|Any CPU
		Release|Any CPU = Release|Any CPU
	EndGlobalSection
	GlobalSection(ProjectConfigurationPlatforms) = postSolution
		{A7EDCCC6-6DE0-4735-A286-88BFBD57B395}.Debug|Any CPU.ActiveCfg = Debug|Any CPU
		{A7EDCCC6-6DE0-4735-A286-88BFBD57B395}.Debug|Any CPU.Build.0 = Debug|Any CPU
		{A7EDCCC6-6DE0-4735-A286-88BFBD57B395}.Debug|Any CPU.Deploy.0 = Debug|Any CPU
		{A7EDCCC6-6DE0-4735-A286-88BFBD57B395}.Release|Any CPU.ActiveCfg = Release|Any CPU
		{A7EDCCC6-6DE0-4735-A286-88BFBD57B395}.Release|Any CPU.Build.0 = Release|Any CPU
		{A7EDCCC6-6DE0-4735-A286-88BFBD57B395}.Release|Any CPU.Deploy.0 = Release|Any CPU
		{45A0CD23-31D3-4438-BCBA-58D3F252FB4E}.Debug|Any CPU.ActiveCfg = Debug|Any CPU
		{45A0CD23-31D3-4438-BCBA-58D3F252FB4E}.Debug|Any CPU.Build.0 = Debug|Any CPU
		{45A0CD23-31D3-4438-BCBA-58D3F252FB4E}.Release|Any CPU.ActiveCfg = Release|Any CPU
		{45A0CD23-31D3-4438-BCBA-58D3F252FB4E}.Release|Any CPU.Build.0 = Release|Any CPU
	EndGlobalSection
	GlobalSection(SolutionProperties) = preSolution
		HideSolutionNode = FALSE
	EndGlobalSection
	GlobalSection(ExtensibilityGlobals) = postSolution
		SolutionGuid = {486857D8-BBDE-4A63-8D8C-407BE01588F0}
	EndGlobalSection
EndGlobal
